// !$*UTF8*$!
{
	archiveVersion = 1;
	classes = {
	};
	objectVersion = 50;
	objects = {

/* Begin PBXBuildFile section */
		BE4468ED24865A4F00C88E17 /* AppDelegate.swift in Sources */ = {isa = PBXBuildFile; fileRef = BE4468EC24865A4F00C88E17 /* AppDelegate.swift */; };
		BE4468EF24865A4F00C88E17 /* SceneDelegate.swift in Sources */ = {isa = PBXBuildFile; fileRef = BE4468EE24865A4F00C88E17 /* SceneDelegate.swift */; };
		BE4468F624865A4F00C88E17 /* Main.storyboard in Resources */ = {isa = PBXBuildFile; fileRef = BE4468F424865A4F00C88E17 /* Main.storyboard */; };
		BE4468F824865A5900C88E17 /* Assets.xcassets in Resources */ = {isa = PBXBuildFile; fileRef = BE4468F724865A5900C88E17 /* Assets.xcassets */; };
		BE4468FB24865A5900C88E17 /* LaunchScreen.storyboard in Resources */ = {isa = PBXBuildFile; fileRef = BE4468F924865A5900C88E17 /* LaunchScreen.storyboard */; };
		BE44690624865F6300C88E17 /* Calanques.swift in Sources */ = {isa = PBXBuildFile; fileRef = BE44690524865F6300C88E17 /* Calanques.swift */; };
		BE4469082486616B00C88E17 /* CalanquesCollection.swift in Sources */ = {isa = PBXBuildFile; fileRef = BE4469072486616B00C88E17 /* CalanquesCollection.swift */; };
		BE44690A248682B800C88E17 /* ControllerAvecTableView.swift in Sources */ = {isa = PBXBuildFile; fileRef = BE446909248682B800C88E17 /* ControllerAvecTableView.swift */; };
		BE44690C248682CE00C88E17 /* ControllerAvecCarte.swift in Sources */ = {isa = PBXBuildFile; fileRef = BE44690B248682CE00C88E17 /* ControllerAvecCarte.swift */; };
		BE44690E248682FF00C88E17 /* TableViewIntegreeController.swift in Sources */ = {isa = PBXBuildFile; fileRef = BE44690D248682FF00C88E17 /* TableViewIntegreeController.swift */; };
		BE44691024868B9100C88E17 /* CalanqueCell.swift in Sources */ = {isa = PBXBuildFile; fileRef = BE44690F24868B9100C88E17 /* CalanqueCell.swift */; };
		BE4469122487DF1B00C88E17 /* ImageRonde.swift in Sources */ = {isa = PBXBuildFile; fileRef = BE4469112487DF1B00C88E17 /* ImageRonde.swift */; };
		BE4469142487F29100C88E17 /* CalanqueCellAlternative.swift in Sources */ = {isa = PBXBuildFile; fileRef = BE4469132487F29100C88E17 /* CalanqueCellAlternative.swift */; };
/* End PBXBuildFile section */

/* Begin PBXFileReference section */
		BE4468E924865A4F00C88E17 /* Les Calanques.app */ = {isa = PBXFileReference; explicitFileType = wrapper.application; includeInIndex = 0; path = "Les Calanques.app"; sourceTree = BUILT_PRODUCTS_DIR; };
		BE4468EC24865A4F00C88E17 /* AppDelegate.swift */ = {isa = PBXFileReference; lastKnownFileType = sourcecode.swift; path = AppDelegate.swift; sourceTree = "<group>"; };
		BE4468EE24865A4F00C88E17 /* SceneDelegate.swift */ = {isa = PBXFileReference; lastKnownFileType = sourcecode.swift; path = SceneDelegate.swift; sourceTree = "<group>"; };
		BE4468F524865A4F00C88E17 /* Base */ = {isa = PBXFileReference; lastKnownFileType = file.storyboard; name = Base; path = Base.lproj/Main.storyboard; sourceTree = "<group>"; };
		BE4468F724865A5900C88E17 /* Assets.xcassets */ = {isa = PBXFileReference; lastKnownFileType = folder.assetcatalog; path = Assets.xcassets; sourceTree = "<group>"; };
		BE4468FA24865A5900C88E17 /* Base */ = {isa = PBXFileReference; lastKnownFileType = file.storyboard; name = Base; path = Base.lproj/LaunchScreen.storyboard; sourceTree = "<group>"; };
		BE4468FC24865A5900C88E17 /* Info.plist */ = {isa = PBXFileReference; lastKnownFileType = text.plist.xml; path = Info.plist; sourceTree = "<group>"; };
		BE44690524865F6300C88E17 /* Calanques.swift */ = {isa = PBXFileReference; lastKnownFileType = sourcecode.swift; path = Calanques.swift; sourceTree = "<group>"; };
		BE4469072486616B00C88E17 /* CalanquesCollection.swift */ = {isa = PBXFileReference; lastKnownFileType = sourcecode.swift; path = CalanquesCollection.swift; sourceTree = "<group>"; };
		BE446909248682B800C88E17 /* ControllerAvecTableView.swift */ = {isa = PBXFileReference; lastKnownFileType = sourcecode.swift; path = ControllerAvecTableView.swift; sourceTree = "<group>"; };
		BE44690B248682CE00C88E17 /* ControllerAvecCarte.swift */ = {isa = PBXFileReference; lastKnownFileType = sourcecode.swift; path = ControllerAvecCarte.swift; sourceTree = "<group>"; };
		BE44690D248682FF00C88E17 /* TableViewIntegreeController.swift */ = {isa = PBXFileReference; lastKnownFileType = sourcecode.swift; path = TableViewIntegreeController.swift; sourceTree = "<group>"; };
		BE44690F24868B9100C88E17 /* CalanqueCell.swift */ = {isa = PBXFileReference; lastKnownFileType = sourcecode.swift; path = CalanqueCell.swift; sourceTree = "<group>"; };
		BE4469112487DF1B00C88E17 /* ImageRonde.swift */ = {isa = PBXFileReference; lastKnownFileType = sourcecode.swift; path = ImageRonde.swift; sourceTree = "<group>"; };
		BE4469132487F29100C88E17 /* CalanqueCellAlternative.swift */ = {isa = PBXFileReference; lastKnownFileType = sourcecode.swift; path = CalanqueCellAlternative.swift; sourceTree = "<group>"; };
/* End PBXFileReference section */

/* Begin PBXFrameworksBuildPhase section */
		BE4468E624865A4F00C88E17 /* Frameworks */ = {
			isa = PBXFrameworksBuildPhase;
			buildActionMask = 2147483647;
			files = (
			);
			runOnlyForDeploymentPostprocessing = 0;
		};
/* End PBXFrameworksBuildPhase section */

/* Begin PBXGroup section */
		BE4468E024865A4F00C88E17 = {
			isa = PBXGroup;
			children = (
				BE4468EB24865A4F00C88E17 /* Les Calanques */,
				BE4468EA24865A4F00C88E17 /* Products */,
			);
			sourceTree = "<group>";
		};
		BE4468EA24865A4F00C88E17 /* Products */ = {
			isa = PBXGroup;
			children = (
				BE4468E924865A4F00C88E17 /* Les Calanques.app */,
			);
			name = Products;
			sourceTree = "<group>";
		};
		BE4468EB24865A4F00C88E17 /* Les Calanques */ = {
			isa = PBXGroup;
			children = (
				BE44690224865E6C00C88E17 /* Model */,
				BE44690324865E7A00C88E17 /* View */,
				BE44690424865E8500C88E17 /* Controller */,
				BE4468EC24865A4F00C88E17 /* AppDelegate.swift */,
				BE4468EE24865A4F00C88E17 /* SceneDelegate.swift */,
				BE4468F424865A4F00C88E17 /* Main.storyboard */,
				BE4468F724865A5900C88E17 /* Assets.xcassets */,
				BE4468F924865A5900C88E17 /* LaunchScreen.storyboard */,
				BE4468FC24865A5900C88E17 /* Info.plist */,
			);
			path = "Les Calanques";
			sourceTree = "<group>";
		};
		BE44690224865E6C00C88E17 /* Model */ = {
			isa = PBXGroup;
			children = (
				BE44690524865F6300C88E17 /* Calanques.swift */,
				BE4469072486616B00C88E17 /* CalanquesCollection.swift */,
			);
			name = Model;
			path = "Modèle";
			sourceTree = "<group>";
		};
		BE44690324865E7A00C88E17 /* View */ = {
			isa = PBXGroup;
			children = (
				BE44690F24868B9100C88E17 /* CalanqueCell.swift */,
				BE4469112487DF1B00C88E17 /* ImageRonde.swift */,
				BE4469132487F29100C88E17 /* CalanqueCellAlternative.swift */,
			);
			path = View;
			sourceTree = "<group>";
		};
		BE44690424865E8500C88E17 /* Controller */ = {
			isa = PBXGroup;
			children = (
				BE446909248682B800C88E17 /* ControllerAvecTableView.swift */,
				BE44690B248682CE00C88E17 /* ControllerAvecCarte.swift */,
				BE44690D248682FF00C88E17 /* TableViewIntegreeController.swift */,
			);
			path = Controller;
			sourceTree = "<group>";
		};
/* End PBXGroup section */

/* Begin PBXNativeTarget section */
		BE4468E824865A4F00C88E17 /* Les Calanques */ = {
			isa = PBXNativeTarget;
			buildConfigurationList = BE4468FF24865A5900C88E17 /* Build configuration list for PBXNativeTarget "Les Calanques" */;
			buildPhases = (
				BE4468E524865A4F00C88E17 /* Sources */,
				BE4468E624865A4F00C88E17 /* Frameworks */,
				BE4468E724865A4F00C88E17 /* Resources */,
			);
			buildRules = (
			);
			dependencies = (
			);
			name = "Les Calanques";
			productName = "Les Calanques";
			productReference = BE4468E924865A4F00C88E17 /* Les Calanques.app */;
			productType = "com.apple.product-type.application";
		};
/* End PBXNativeTarget section */

/* Begin PBXProject section */
		BE4468E124865A4F00C88E17 /* Project object */ = {
			isa = PBXProject;
			attributes = {
				LastSwiftUpdateCheck = 1140;
				LastUpgradeCheck = 1140;
				ORGANIZATIONNAME = "MassiveDynamic Ltd.";
				TargetAttributes = {
					BE4468E824865A4F00C88E17 = {
						CreatedOnToolsVersion = 11.4.1;
					};
				};
			};
			buildConfigurationList = BE4468E424865A4F00C88E17 /* Build configuration list for PBXProject "Les Calanques" */;
			compatibilityVersion = "Xcode 9.3";
			developmentRegion = en;
			hasScannedForEncodings = 0;
			knownRegions = (
				en,
				Base,
			);
			mainGroup = BE4468E024865A4F00C88E17;
			productRefGroup = BE4468EA24865A4F00C88E17 /* Products */;
			projectDirPath = "";
			projectRoot = "";
			targets = (
				BE4468E824865A4F00C88E17 /* Les Calanques */,
			);
		};
/* End PBXProject section */

/* Begin PBXResourcesBuildPhase section */
		BE4468E724865A4F00C88E17 /* Resources */ = {
			isa = PBXResourcesBuildPhase;
			buildActionMask = 2147483647;
			files = (
				BE4468FB24865A5900C88E17 /* LaunchScreen.storyboard in Resources */,
				BE4468F824865A5900C88E17 /* Assets.xcassets in Resources */,
				BE4468F624865A4F00C88E17 /* Main.storyboard in Resources */,
			);
			runOnlyForDeploymentPostprocessing = 0;
		};
/* End PBXResourcesBuildPhase section */

/* Begin PBXSourcesBuildPhase section */
		BE4468E524865A4F00C88E17 /* Sources */ = {
			isa = PBXSourcesBuildPhase;
			buildActionMask = 2147483647;
			files = (
				BE44690624865F6300C88E17 /* Calanques.swift in Sources */,
				BE4469142487F29100C88E17 /* CalanqueCellAlternative.swift in Sources */,
				BE44690A248682B800C88E17 /* ControllerAvecTableView.swift in Sources */,
				BE44690E248682FF00C88E17 /* TableViewIntegreeController.swift in Sources */,
				BE4468ED24865A4F00C88E17 /* AppDelegate.swift in Sources */,
				BE4468EF24865A4F00C88E17 /* SceneDelegate.swift in Sources */,
				BE44690C248682CE00C88E17 /* ControllerAvecCarte.swift in Sources */,
				BE4469122487DF1B00C88E17 /* ImageRonde.swift in Sources */,
				BE4469082486616B00C88E17 /* CalanquesCollection.swift in Sources */,
				BE44691024868B9100C88E17 /* CalanqueCell.swift in Sources */,
			);
			runOnlyForDeploymentPostprocessing = 0;
		};
/* End PBXSourcesBuildPhase section */

/* Begin PBXVariantGroup section */
		BE4468F424865A4F00C88E17 /* Main.storyboard */ = {
			isa = PBXVariantGroup;
			children = (
				BE4468F524865A4F00C88E17 /* Base */,
			);
			name = Main.storyboard;
			sourceTree = "<group>";
		};
		BE4468F924865A5900C88E17 /* LaunchScreen.storyboard */ = {
			isa = PBXVariantGroup;
			children = (
				BE4468FA24865A5900C88E17 /* Base */,
			);
			name = LaunchScreen.storyboard;
			sourceTree = "<group>";
		};
/* End PBXVariantGroup section */

/* Begin XCBuildConfiguration section */
		BE4468FD24865A5900C88E17 /* Debug */ = {
			isa = XCBuildConfiguration;
			buildSettings = {
				ALWAYS_SEARCH_USER_PATHS = NO;
				CLANG_ANALYZER_NONNULL = YES;
				CLANG_ANALYZER_NUMBER_OBJECT_CONVERSION = YES_AGGRESSIVE;
				CLANG_CXX_LANGUAGE_STANDARD = "gnu++14";
				CLANG_CXX_LIBRARY = "libc++";
				CLANG_ENABLE_MODULES = YES;
				CLANG_ENABLE_OBJC_ARC = YES;
				CLANG_ENABLE_OBJC_WEAK = YES;
				CLANG_WARN_BLOCK_CAPTURE_AUTORELEASING = YES;
				CLANG_WARN_BOOL_CONVERSION = YES;
				CLANG_WARN_COMMA = YES;
				CLANG_WARN_CONSTANT_CONVERSION = YES;
				CLANG_WARN_DEPRECATED_OBJC_IMPLEMENTATIONS = YES;
				CLANG_WARN_DIRECT_OBJC_ISA_USAGE = YES_ERROR;
				CLANG_WARN_DOCUMENTATION_COMMENTS = YES;
				CLANG_WARN_EMPTY_BODY = YES;
				CLANG_WARN_ENUM_CONVERSION = YES;
				CLANG_WARN_INFINITE_RECURSION = YES;
				CLANG_WARN_INT_CONVERSION = YES;
				CLANG_WARN_NON_LITERAL_NULL_CONVERSION = YES;
				CLANG_WARN_OBJC_IMPLICIT_RETAIN_SELF = YES;
				CLANG_WARN_OBJC_LITERAL_CONVERSION = YES;
				CLANG_WARN_OBJC_ROOT_CLASS = YES_ERROR;
				CLANG_WARN_RANGE_LOOP_ANALYSIS = YES;
				CLANG_WARN_STRICT_PROTOTYPES = YES;
				CLANG_WARN_SUSPICIOUS_MOVE = YES;
				CLANG_WARN_UNGUARDED_AVAILABILITY = YES_AGGRESSIVE;
				CLANG_WARN_UNREACHABLE_CODE = YES;
				CLANG_WARN__DUPLICATE_METHOD_MATCH = YES;
				COPY_PHASE_STRIP = NO;
				DEBUG_INFORMATION_FORMAT = dwarf;
				ENABLE_STRICT_OBJC_MSGSEND = YES;
				ENABLE_TESTABILITY = YES;
				GCC_C_LANGUAGE_STANDARD = gnu11;
				GCC_DYNAMIC_NO_PIC = NO;
				GCC_NO_COMMON_BLOCKS = YES;
				GCC_OPTIMIZATION_LEVEL = 0;
				GCC_PREPROCESSOR_DEFINITIONS = (
					"DEBUG=1",
					"$(inherited)",
				);
				GCC_WARN_64_TO_32_BIT_CONVERSION = YES;
				GCC_WARN_ABOUT_RETURN_TYPE = YES_ERROR;
				GCC_WARN_UNDECLARED_SELECTOR = YES;
				GCC_WARN_UNINITIALIZED_AUTOS = YES_AGGRESSIVE;
				GCC_WARN_UNUSED_FUNCTION = YES;
				GCC_WARN_UNUSED_VARIABLE = YES;
				IPHONEOS_DEPLOYMENT_TARGET = 13.4;
				MTL_ENABLE_DEBUG_INFO = INCLUDE_SOURCE;
				MTL_FAST_MATH = YES;
				ONLY_ACTIVE_ARCH = YES;
				SDKROOT = iphoneos;
				SWIFT_ACTIVE_COMPILATION_CONDITIONS = DEBUG;
				SWIFT_OPTIMIZATION_LEVEL = "-Onone";
			};
			name = Debug;
		};
		BE4468FE24865A5900C88E17 /* Release */ = {
			isa = XCBuildConfiguration;
			buildSettings = {
				ALWAYS_SEARCH_USER_PATHS = NO;
				CLANG_ANALYZER_NONNULL = YES;
				CLANG_ANALYZER_NUMBER_OBJECT_CONVERSION = YES_AGGRESSIVE;
				CLANG_CXX_LANGUAGE_STANDARD = "gnu++14";
				CLANG_CXX_LIBRARY = "libc++";
				CLANG_ENABLE_MODULES = YES;
				CLANG_ENABLE_OBJC_ARC = YES;
				CLANG_ENABLE_OBJC_WEAK = YES;
				CLANG_WARN_BLOCK_CAPTURE_AUTORELEASING = YES;
				CLANG_WARN_BOOL_CONVERSION = YES;
				CLANG_WARN_COMMA = YES;
				CLANG_WARN_CONSTANT_CONVERSION = YES;
				CLANG_WARN_DEPRECATED_OBJC_IMPLEMENTATIONS = YES;
				CLANG_WARN_DIRECT_OBJC_ISA_USAGE = YES_ERROR;
				CLANG_WARN_DOCUMENTATION_COMMENTS = YES;
				CLANG_WARN_EMPTY_BODY = YES;
				CLANG_WARN_ENUM_CONVERSION = YES;
				CLANG_WARN_INFINITE_RECURSION = YES;
				CLANG_WARN_INT_CONVERSION = YES;
				CLANG_WARN_NON_LITERAL_NULL_CONVERSION = YES;
				CLANG_WARN_OBJC_IMPLICIT_RETAIN_SELF = YES;
				CLANG_WARN_OBJC_LITERAL_CONVERSION = YES;
				CLANG_WARN_OBJC_ROOT_CLASS = YES_ERROR;
				CLANG_WARN_RANGE_LOOP_ANALYSIS = YES;
				CLANG_WARN_STRICT_PROTOTYPES = YES;
				CLANG_WARN_SUSPICIOUS_MOVE = YES;
				CLANG_WARN_UNGUARDED_AVAILABILITY = YES_AGGRESSIVE;
				CLANG_WARN_UNREACHABLE_CODE = YES;
				CLANG_WARN__DUPLICATE_METHOD_MATCH = YES;
				COPY_PHASE_STRIP = NO;
				DEBUG_INFORMATION_FORMAT = "dwarf-with-dsym";
				ENABLE_NS_ASSERTIONS = NO;
				ENABLE_STRICT_OBJC_MSGSEND = YES;
				GCC_C_LANGUAGE_STANDARD = gnu11;
				GCC_NO_COMMON_BLOCKS = YES;
				GCC_WARN_64_TO_32_BIT_CONVERSION = YES;
				GCC_WARN_ABOUT_RETURN_TYPE = YES_ERROR;
				GCC_WARN_UNDECLARED_SELECTOR = YES;
				GCC_WARN_UNINITIALIZED_AUTOS = YES_AGGRESSIVE;
				GCC_WARN_UNUSED_FUNCTION = YES;
				GCC_WARN_UNUSED_VARIABLE = YES;
				IPHONEOS_DEPLOYMENT_TARGET = 13.4;
				MTL_ENABLE_DEBUG_INFO = NO;
				MTL_FAST_MATH = YES;
				SDKROOT = iphoneos;
				SWIFT_COMPILATION_MODE = wholemodule;
				SWIFT_OPTIMIZATION_LEVEL = "-O";
				VALIDATE_PRODUCT = YES;
			};
			name = Release;
		};
		BE44690024865A5900C88E17 /* Debug */ = {
			isa = XCBuildConfiguration;
			buildSettings = {
				ASSETCATALOG_COMPILER_APPICON_NAME = AppIcon;
				CODE_SIGN_STYLE = Automatic;
				DEVELOPMENT_TEAM = NQMAUL365G;
				INFOPLIST_FILE = "Les Calanques/Info.plist";
				LD_RUNPATH_SEARCH_PATHS = (
					"$(inherited)",
					"@executable_path/Frameworks",
				);
				PRODUCT_BUNDLE_IDENTIFIER = "perso.Les-Calanques";
				PRODUCT_NAME = "$(TARGET_NAME)";
				SWIFT_VERSION = 5.0;
				TARGETED_DEVICE_FAMILY = "1,2";
			};
			name = Debug;
		};
		BE44690124865A5900C88E17 /* Release */ = {
			isa = XCBuildConfiguration;
			buildSettings = {
				ASSETCATALOG_COMPILER_APPICON_NAME = AppIcon;
				CODE_SIGN_STYLE = Automatic;
				DEVELOPMENT_TEAM = NQMAUL365G;
				INFOPLIST_FILE = "Les Calanques/Info.plist";
				LD_RUNPATH_SEARCH_PATHS = (
					"$(inherited)",
					"@executable_path/Frameworks",
				);
				PRODUCT_BUNDLE_IDENTIFIER = "perso.Les-Calanques";
				PRODUCT_NAME = "$(TARGET_NAME)";
				SWIFT_VERSION = 5.0;
				TARGETED_DEVICE_FAMILY = "1,2";
			};
			name = Release;
		};
/* End XCBuildConfiguration section */

/* Begin XCConfigurationList section */
		BE4468E424865A4F00C88E17 /* Build configuration list for PBXProject "Les Calanques" */ = {
			isa = XCConfigurationList;
			buildConfigurations = (
				BE4468FD24865A5900C88E17 /* Debug */,
				BE4468FE24865A5900C88E17 /* Release */,
			);
			defaultConfigurationIsVisible = 0;
			defaultConfigurationName = Release;
		};
		BE4468FF24865A5900C88E17 /* Build configuration list for PBXNativeTarget "Les Calanques" */ = {
			isa = XCConfigurationList;
			buildConfigurations = (
				BE44690024865A5900C88E17 /* Debug */,
				BE44690124865A5900C88E17 /* Release */,
			);
			defaultConfigurationIsVisible = 0;
			defaultConfigurationName = Release;
		};
/* End XCConfigurationList section */
	};
	rootObject = BE4468E124865A4F00C88E17 /* Project object */;
}
